# THIS IS AN AUTOGENERATED FILE. DO NOT EDIT THIS FILE DIRECTLY.
# yarn lockfile v1


react-native-fast-image@^7.0.2:
  version "7.0.2"
  resolved "https://registry.yarnpkg.com/react-native-fast-image/-/react-native-fast-image-7.0.2.tgz#e06b21f42f4a9786eaa86f3db35d919070fb8403"
  integrity sha512-MfuzJbC0RjYobR2gFCdqe1I7jvNOCfDkjQ7VGOHXniqjohhULMkcWNBE9Umovi9Dx93lJ6t5utcE2wf/09zvlg==
